{
  "name": "blocktrain",
  "version": "0.1.0",
  "lockfileVersion": 3,
  "requires": true,
  "packages": {
    "": {
      "name": "blocktrain",
      "version": "0.1.0",
      "license": "MIT",
      "dependencies": {
        "@bsv/sdk": "^2.4.2"
      },
      "bin": {
        "blocktrain": "bin/blocktrain.ts"
      },
      "engines": {
        "node": ">=24"
      }
    },
    "node_modules/@bsv/sdk": {
      "version": "2.4.2",
      "resolved": "https://registry.npmjs.org/@bsv/sdk/-/sdk-2.4.2.tgz",
      "integrity": "sha512-UW1eC6YU+GdHBIQEBemuJo24K5S6rJBd6umNfkOpHR0ke5bgi58ymMrpX6Dm1cd4FYXsTDrbzyiKaH//LmJ7kw==",
      "license": "SEE LICENSE IN LICENSE.txt",
      "engines": {
        "node": ">=22"
      }
    }
  }
}
